// !$*UTF8*$!
{
	archiveVersion = 1;
	classes = {
	};
	objectVersion = 42;
	objects = {

/* Begin PBXBuildFile section */
		553784700B68FF1C00017FD5 /* MDelegateManager.h in CopyFiles */ = {isa = PBXBuildFile; fileRef = 5537846E0B68FF1C00017FD5 /* MDelegateManager.h */; };
		553784710B68FF1C00017FD5 /* MDelegateManager.m in Sources */ = {isa = PBXBuildFile; fileRef = 5537846F0B68FF1C00017FD5 /* MDelegateManager.m */; };
		553786110B6915BD00017FD5 /* DDDelegateManager.h in CopyFiles */ = {isa = PBXBuildFile; fileRef = 5537860F0B6915BD00017FD5 /* DDDelegateManager.h */; };
		553786120B6915BD00017FD5 /* DDDelegateManager.mm in Sources */ = {isa = PBXBuildFile; fileRef = 553786100B6915BD00017FD5 /* DDDelegateManager.mm */; };
		55A007C80B606BA3001B47E5 /* DDDelegateHelper.h in CopyFiles */ = {isa = PBXBuildFile; fileRef = 55A007C60B606BA3001B47E5 /* DDDelegateHelper.h */; };
		55A007C90B606BA3001B47E5 /* DDDelegateHelper.mm in Sources */ = {isa = PBXBuildFile; fileRef = 55A007C70B606BA3001B47E5 /* DDDelegateHelper.mm */; };
		55A007F20B606EC3001B47E5 /* MyObject.h in CopyFiles */ = {isa = PBXBuildFile; fileRef = 55A007F00B606EC3001B47E5 /* MyObject.h */; };
		55A007F30B606EC3001B47E5 /* MyObject.mm in Sources */ = {isa = PBXBuildFile; fileRef = 55A007F10B606EC3001B47E5 /* MyObject.mm */; };
		8DD76F9A0486AA7600D96B5E /* main.mm in Sources */ = {isa = PBXBuildFile; fileRef = 08FB7796FE84155DC02AAC07 /* main.mm */; settings = {ATTRIBUTES = (); }; };
		8DD76F9C0486AA7600D96B5E /* Foundation.framework in Frameworks */ = {isa = PBXBuildFile; fileRef = 08FB779EFE84155DC02AAC07 /* Foundation.framework */; };
		8DD76F9F0486AA7600D96B5E /* DDDelegateHelper.1 in CopyFiles */ = {isa = PBXBuildFile; fileRef = C6859EA3029092ED04C91782 /* DDDelegateHelper.1 */; };
/* End PBXBuildFile section */

/* Begin PBXCopyFilesBuildPhase section */
		8DD76F9E0486AA7600D96B5E /* CopyFiles */ = {
			isa = PBXCopyFilesBuildPhase;
			buildActionMask = 8;
			dstPath = /usr/share/man/man1/;
			dstSubfolderSpec = 0;
			files = (
				8DD76F9F0486AA7600D96B5E /* DDDelegateHelper.1 in CopyFiles */,
				55A007C80B606BA3001B47E5 /* DDDelegateHelper.h in CopyFiles */,
				55A007F20B606EC3001B47E5 /* MyObject.h in CopyFiles */,
				553784700B68FF1C00017FD5 /* MDelegateManager.h in CopyFiles */,
				553786110B6915BD00017FD5 /* DDDelegateManager.h in CopyFiles */,
			);
			runOnlyForDeploymentPostprocessing = 1;
		};
/* End PBXCopyFilesBuildPhase section */

/* Begin PBXFileReference section */
		08FB7796FE84155DC02AAC07 /* main.mm */ = {isa = PBXFileReference; fileEncoding = 4; lastKnownFileType = sourcecode.cpp.objcpp; path = main.mm; sourceTree = "<group>"; };
		08FB779EFE84155DC02AAC07 /* Foundation.framework */ = {isa = PBXFileReference; lastKnownFileType = wrapper.framework; name = Foundation.framework; path = /System/Library/Frameworks/Foundation.framework; sourceTree = "<absolute>"; };
		32A70AAB03705E1F00C91783 /* DDDelegateHelper_Prefix.pch */ = {isa = PBXFileReference; fileEncoding = 4; lastKnownFileType = sourcecode.c.h; path = DDDelegateHelper_Prefix.pch; sourceTree = "<group>"; };
		5537846E0B68FF1C00017FD5 /* MDelegateManager.h */ = {isa = PBXFileReference; fileEncoding = 4; lastKnownFileType = sourcecode.c.h; path = MDelegateManager.h; sourceTree = "<group>"; };
		5537846F0B68FF1C00017FD5 /* MDelegateManager.m */ = {isa = PBXFileReference; fileEncoding = 4; lastKnownFileType = sourcecode.c.objc; path = MDelegateManager.m; sourceTree = "<group>"; };
		5537860F0B6915BD00017FD5 /* DDDelegateManager.h */ = {isa = PBXFileReference; fileEncoding = 30; lastKnownFileType = sourcecode.c.h; path = DDDelegateManager.h; sourceTree = "<group>"; };
		553786100B6915BD00017FD5 /* DDDelegateManager.mm */ = {isa = PBXFileReference; fileEncoding = 30; lastKnownFileType = sourcecode.cpp.objcpp; path = DDDelegateManager.mm; sourceTree = "<group>"; };
		55A007C60B606BA3001B47E5 /* DDDelegateHelper.h */ = {isa = PBXFileReference; fileEncoding = 4; lastKnownFileType = sourcecode.c.h; path = DDDelegateHelper.h; sourceTree = "<group>"; };
		55A007C70B606BA3001B47E5 /* DDDelegateHelper.mm */ = {isa = PBXFileReference; fileEncoding = 4; lastKnownFileType = sourcecode.cpp.objcpp; path = DDDelegateHelper.mm; sourceTree = "<group>"; };
		55A007F00B606EC3001B47E5 /* MyObject.h */ = {isa = PBXFileReference; fileEncoding = 4; lastKnownFileType = sourcecode.c.h; path = MyObject.h; sourceTree = "<group>"; };
		55A007F10B606EC3001B47E5 /* MyObject.mm */ = {isa = PBXFileReference; fileEncoding = 4; lastKnownFileType = sourcecode.cpp.objcpp; path = MyObject.mm; sourceTree = "<group>"; };
		8DD76FA10486AA7600D96B5E /* DDDelegateHelper */ = {isa = PBXFileReference; explicitFileType = "compiled.mach-o.executable"; includeInIndex = 0; path = DDDelegateHelper; sourceTree = BUILT_PRODUCTS_DIR; };
		C6859EA3029092ED04C91782 /* DDDelegateHelper.1 */ = {isa = PBXFileReference; lastKnownFileType = text.man; path = DDDelegateHelper.1; sourceTree = "<group>"; };
/* End PBXFileReference section */

/* Begin PBXFrameworksBuildPhase section */
		8DD76F9B0486AA7600D96B5E /* Frameworks */ = {
			isa = PBXFrameworksBuildPhase;
			buildActionMask = 2147483647;
			files = (
				8DD76F9C0486AA7600D96B5E /* Foundation.framework in Frameworks */,
			);
			runOnlyForDeploymentPostprocessing = 0;
		};
/* End PBXFrameworksBuildPhase section */

/* Begin PBXGroup section */
		08FB7794FE84155DC02AAC07 /* DDDelegateHelper */ = {
			isa = PBXGroup;
			children = (
				55A007C30B606B90001B47E5 /* lib */,
				08FB7795FE84155DC02AAC07 /* Source */,
				C6859EA2029092E104C91782 /* Documentation */,
				08FB779DFE84155DC02AAC07 /* External Frameworks and Libraries */,
				1AB674ADFE9D54B511CA2CBB /* Products */,
			);
			name = DDDelegateHelper;
			sourceTree = "<group>";
		};
		08FB7795FE84155DC02AAC07 /* Source */ = {
			isa = PBXGroup;
			children = (
				32A70AAB03705E1F00C91783 /* DDDelegateHelper_Prefix.pch */,
				55A007F00B606EC3001B47E5 /* MyObject.h */,
				55A007F10B606EC3001B47E5 /* MyObject.mm */,
				08FB7796FE84155DC02AAC07 /* main.mm */,
			);
			name = Source;
			sourceTree = "<group>";
		};
		08FB779DFE84155DC02AAC07 /* External Frameworks and Libraries */ = {
			isa = PBXGroup;
			children = (
				08FB779EFE84155DC02AAC07 /* Foundation.framework */,
			);
			name = "External Frameworks and Libraries";
			sourceTree = "<group>";
		};
		1AB674ADFE9D54B511CA2CBB /* Products */ = {
			isa = PBXGroup;
			children = (
				8DD76FA10486AA7600D96B5E /* DDDelegateHelper */,
			);
			name = Products;
			sourceTree = "<group>";
		};
		55A007C30B606B90001B47E5 /* lib */ = {
			isa = PBXGroup;
			children = (
				55A007C60B606BA3001B47E5 /* DDDelegateHelper.h */,
				55A007C70B606BA3001B47E5 /* DDDelegateHelper.mm */,
				5537846E0B68FF1C00017FD5 /* MDelegateManager.h */,
				5537846F0B68FF1C00017FD5 /* MDelegateManager.m */,
				5537860F0B6915BD00017FD5 /* DDDelegateManager.h */,
				553786100B6915BD00017FD5 /* DDDelegateManager.mm */,
			);
			path = lib;
			sourceTree = "<group>";
		};
		C6859EA2029092E104C91782 /* Documentation */ = {
			isa = PBXGroup;
			children = (
				C6859EA3029092ED04C91782 /* DDDelegateHelper.1 */,
			);
			name = Documentation;
			sourceTree = "<group>";
		};
/* End PBXGroup section */

/* Begin PBXNativeTarget section */
		8DD76F960486AA7600D96B5E /* DDDelegateHelper */ = {
			isa = PBXNativeTarget;
			buildConfigurationList = 1DEB927408733DD40010E9CD /* Build configuration list for PBXNativeTarget "DDDelegateHelper" */;
			buildPhases = (
				8DD76F990486AA7600D96B5E /* Sources */,
				8DD76F9B0486AA7600D96B5E /* Frameworks */,
				8DD76F9E0486AA7600D96B5E /* CopyFiles */,
			);
			buildRules = (
			);
			dependencies = (
			);
			name = DDDelegateHelper;
			productInstallPath = "$(HOME)/bin";
			productName = DDDelegateHelper;
			productReference = 8DD76FA10486AA7600D96B5E /* DDDelegateHelper */;
			productType = "com.apple.product-type.tool";
		};
/* End PBXNativeTarget section */

/* Begin PBXProject section */
		08FB7793FE84155DC02AAC07 /* Project object */ = {
			isa = PBXProject;
			buildConfigurationList = 1DEB927808733DD40010E9CD /* Build configuration list for PBXProject "DDDelegateHelper" */;
			hasScannedForEncodings = 1;
			mainGroup = 08FB7794FE84155DC02AAC07 /* DDDelegateHelper */;
			projectDirPath = "";
			targets = (
				8DD76F960486AA7600D96B5E /* DDDelegateHelper */,
			);
		};
/* End PBXProject section */

/* Begin PBXSourcesBuildPhase section */
		8DD76F990486AA7600D96B5E /* Sources */ = {
			isa = PBXSourcesBuildPhase;
			buildActionMask = 2147483647;
			files = (
				8DD76F9A0486AA7600D96B5E /* main.mm in Sources */,
				55A007C90B606BA3001B47E5 /* DDDelegateHelper.mm in Sources */,
				55A007F30B606EC3001B47E5 /* MyObject.mm in Sources */,
				553784710B68FF1C00017FD5 /* MDelegateManager.m in Sources */,
				553786120B6915BD00017FD5 /* DDDelegateManager.mm in Sources */,
			);
			runOnlyForDeploymentPostprocessing = 0;
		};
/* End PBXSourcesBuildPhase section */

/* Begin XCBuildConfiguration section */
		1DEB927508733DD40010E9CD /* Debug */ = {
			isa = XCBuildConfiguration;
			buildSettings = {
				COPY_PHASE_STRIP = NO;
				GCC_DYNAMIC_NO_PIC = NO;
				GCC_ENABLE_FIX_AND_CONTINUE = YES;
				GCC_MODEL_TUNING = G5;
				GCC_OBJC_CALL_CXX_CDTORS = YES;
				GCC_OPTIMIZATION_LEVEL = 0;
				GCC_PRECOMPILE_PREFIX_HEADER = YES;
				GCC_PREFIX_HEADER = DDDelegateHelper_Prefix.pch;
				INSTALL_PATH = "$(HOME)/bin";
				PRODUCT_NAME = DDDelegateHelper;
				ZERO_LINK = NO;
			};
			name = Debug;
		};
		1DEB927608733DD40010E9CD /* Release */ = {
			isa = XCBuildConfiguration;
			buildSettings = {
				ARCHS = (
					ppc,
					i386,
				);
				GCC_GENERATE_DEBUGGING_SYMBOLS = NO;
				GCC_MODEL_TUNING = G5;
				GCC_OBJC_CALL_CXX_CDTORS = YES;
				GCC_PRECOMPILE_PREFIX_HEADER = YES;
				GCC_PREFIX_HEADER = DDDelegateHelper_Prefix.pch;
				INSTALL_PATH = "$(HOME)/bin";
				PRODUCT_NAME = DDDelegateHelper;
				ZERO_LINK = NO;
			};
			name = Release;
		};
		1DEB927908733DD40010E9CD /* Debug */ = {
			isa = XCBuildConfiguration;
			buildSettings = {
				GCC_WARN_ABOUT_RETURN_TYPE = YES;
				GCC_WARN_UNUSED_VARIABLE = YES;
				PREBINDING = NO;
				SDKROOT = /Developer/SDKs/MacOSX10.4u.sdk;
			};
			name = Debug;
		};
		1DEB927A08733DD40010E9CD /* Release */ = {
			isa = XCBuildConfiguration;
			buildSettings = {
				GCC_WARN_ABOUT_RETURN_TYPE = YES;
				GCC_WARN_UNUSED_VARIABLE = YES;
				PREBINDING = NO;
				SDKROOT = /Developer/SDKs/MacOSX10.4u.sdk;
			};
			name = Release;
		};
/* End XCBuildConfiguration section */

/* Begin XCConfigurationList section */
		1DEB927408733DD40010E9CD /* Build configuration list for PBXNativeTarget "DDDelegateHelper" */ = {
			isa = XCConfigurationList;
			buildConfigurations = (
				1DEB927508733DD40010E9CD /* Debug */,
				1DEB927608733DD40010E9CD /* Release */,
			);
			defaultConfigurationIsVisible = 0;
			defaultConfigurationName = Release;
		};
		1DEB927808733DD40010E9CD /* Build configuration list for PBXProject "DDDelegateHelper" */ = {
			isa = XCConfigurationList;
			buildConfigurations = (
				1DEB927908733DD40010E9CD /* Debug */,
				1DEB927A08733DD40010E9CD /* Release */,
			);
			defaultConfigurationIsVisible = 0;
			defaultConfigurationName = Release;
		};
/* End XCConfigurationList section */
	};
	rootObject = 08FB7793FE84155DC02AAC07 /* Project object */;
}
