// !$*UTF8*$!
{
	archiveVersion = 1;
	classes = {
	};
	objectVersion = 42;
	objects = {

/* Begin PBXBuildFile section */
		55F749AF0C7F709C00101CB6 /* mtexport.m.rl in Sources */ = {isa = PBXBuildFile; fileRef = 55F749A90C7F708200101CB6 /* mtexport.m.rl */; };
		55F74F1A0C805E4D00101CB6 /* wc.m.rl in Sources */ = {isa = PBXBuildFile; fileRef = 55F74F160C805E3C00101CB6 /* wc.m.rl */; };
		55F74F350C805F9500101CB6 /* Foundation.framework in Frameworks */ = {isa = PBXBuildFile; fileRef = 08FB779EFE84155DC02AAC07 /* Foundation.framework */; };
		55F756300C84C5D900101CB6 /* RagelStateMachine.h in CopyFiles */ = {isa = PBXBuildFile; fileRef = 55F7562E0C84C5D900101CB6 /* RagelStateMachine.h */; };
		55F756310C84C5D900101CB6 /* RagelStateMachine.m in Sources */ = {isa = PBXBuildFile; fileRef = 55F7562F0C84C5D900101CB6 /* RagelStateMachine.m */; };
		8DD76F9C0486AA7600D96B5E /* Foundation.framework in Frameworks */ = {isa = PBXBuildFile; fileRef = 08FB779EFE84155DC02AAC07 /* Foundation.framework */; };
		8DD76F9F0486AA7600D96B5E /* mtexport.1 in CopyFiles */ = {isa = PBXBuildFile; fileRef = C6859EA3029092ED04C91782 /* mtexport.1 */; };
/* End PBXBuildFile section */

/* Begin PBXBuildRule section */
		55F749840C7F6FA700101CB6 /* PBXBuildRule */ = {
			isa = PBXBuildRule;
			compilerSpec = com.apple.compilers.proxy.script;
			filePatterns = "*.c.rl *.cpp.rl *.cp.rl *.cxx.rl *.m.rl *.mm.rl";
			fileType = pattern.proxy;
			isEditable = 1;
			outputFiles = (
				"$(DERIVED_FILES_DIR)/$(INPUT_FILE_BASE)",
				"$(DERIVED_FILES_DIR)/$(INPUT_FILE_BASE).dot",
			);
			script = "\"${SRCROOT}/xcode_ragel\"";
		};
		55F74F150C805DF500101CB6 /* PBXBuildRule */ = {
			isa = PBXBuildRule;
			compilerSpec = com.apple.compilers.proxy.script;
			filePatterns = "*.c.rl *.cpp.rl *.cp.rl *.cxx.rl *.m.rl *.mm.rl";
			fileType = pattern.proxy;
			isEditable = 1;
			outputFiles = (
				"$(DERIVED_FILES_DIR)/$(INPUT_FILE_BASE)",
				"$(DERIVED_FILES_DIR)/$(INPUT_FILE_BASE).dot",
			);
			script = "\"${SRCROOT}/xcode_ragel\"";
		};
/* End PBXBuildRule section */

/* Begin PBXCopyFilesBuildPhase section */
		8DD76F9E0486AA7600D96B5E /* CopyFiles */ = {
			isa = PBXCopyFilesBuildPhase;
			buildActionMask = 8;
			dstPath = /usr/share/man/man1/;
			dstSubfolderSpec = 0;
			files = (
				8DD76F9F0486AA7600D96B5E /* mtexport.1 in CopyFiles */,
				55F756300C84C5D900101CB6 /* RagelStateMachine.h in CopyFiles */,
			);
			runOnlyForDeploymentPostprocessing = 1;
		};
/* End PBXCopyFilesBuildPhase section */

/* Begin PBXFileReference section */
		08FB779EFE84155DC02AAC07 /* Foundation.framework */ = {isa = PBXFileReference; lastKnownFileType = wrapper.framework; name = Foundation.framework; path = /System/Library/Frameworks/Foundation.framework; sourceTree = "<absolute>"; };
		32A70AAB03705E1F00C91783 /* mtexport_Prefix.pch */ = {isa = PBXFileReference; fileEncoding = 4; lastKnownFileType = sourcecode.c.h; path = mtexport_Prefix.pch; sourceTree = "<group>"; };
		55F749A90C7F708200101CB6 /* mtexport.m.rl */ = {isa = PBXFileReference; explicitFileType = sourcecode.c.objc; fileEncoding = 4; path = mtexport.m.rl; sourceTree = "<group>"; };
		55F74F110C805DEB00101CB6 /* wc */ = {isa = PBXFileReference; explicitFileType = "compiled.mach-o.executable"; includeInIndex = 0; path = wc; sourceTree = BUILT_PRODUCTS_DIR; };
		55F74F160C805E3C00101CB6 /* wc.m.rl */ = {isa = PBXFileReference; explicitFileType = sourcecode.c.objc; fileEncoding = 30; path = wc.m.rl; sourceTree = "<group>"; };
		55F7562E0C84C5D900101CB6 /* RagelStateMachine.h */ = {isa = PBXFileReference; fileEncoding = 4; lastKnownFileType = sourcecode.c.h; path = RagelStateMachine.h; sourceTree = "<group>"; };
		55F7562F0C84C5D900101CB6 /* RagelStateMachine.m */ = {isa = PBXFileReference; fileEncoding = 4; lastKnownFileType = sourcecode.c.objc; path = RagelStateMachine.m; sourceTree = "<group>"; };
		8DD76FA10486AA7600D96B5E /* mtexport */ = {isa = PBXFileReference; explicitFileType = "compiled.mach-o.executable"; includeInIndex = 0; path = mtexport; sourceTree = BUILT_PRODUCTS_DIR; };
		C6859EA3029092ED04C91782 /* mtexport.1 */ = {isa = PBXFileReference; lastKnownFileType = text.man; path = mtexport.1; sourceTree = "<group>"; };
/* End PBXFileReference section */

/* Begin PBXFrameworksBuildPhase section */
		55F74F0F0C805DEB00101CB6 /* Frameworks */ = {
			isa = PBXFrameworksBuildPhase;
			buildActionMask = 2147483647;
			files = (
				55F74F350C805F9500101CB6 /* Foundation.framework in Frameworks */,
			);
			runOnlyForDeploymentPostprocessing = 0;
		};
		8DD76F9B0486AA7600D96B5E /* Frameworks */ = {
			isa = PBXFrameworksBuildPhase;
			buildActionMask = 2147483647;
			files = (
				8DD76F9C0486AA7600D96B5E /* Foundation.framework in Frameworks */,
			);
			runOnlyForDeploymentPostprocessing = 0;
		};
/* End PBXFrameworksBuildPhase section */

/* Begin PBXGroup section */
		08FB7794FE84155DC02AAC07 /* mtexport */ = {
			isa = PBXGroup;
			children = (
				08FB7795FE84155DC02AAC07 /* Source */,
				C6859EA2029092E104C91782 /* Documentation */,
				08FB779DFE84155DC02AAC07 /* External Frameworks and Libraries */,
				1AB674ADFE9D54B511CA2CBB /* Products */,
			);
			name = mtexport;
			sourceTree = "<group>";
		};
		08FB7795FE84155DC02AAC07 /* Source */ = {
			isa = PBXGroup;
			children = (
				55F74F160C805E3C00101CB6 /* wc.m.rl */,
				32A70AAB03705E1F00C91783 /* mtexport_Prefix.pch */,
				55F749A90C7F708200101CB6 /* mtexport.m.rl */,
				55F7562E0C84C5D900101CB6 /* RagelStateMachine.h */,
				55F7562F0C84C5D900101CB6 /* RagelStateMachine.m */,
			);
			name = Source;
			sourceTree = "<group>";
		};
		08FB779DFE84155DC02AAC07 /* External Frameworks and Libraries */ = {
			isa = PBXGroup;
			children = (
				08FB779EFE84155DC02AAC07 /* Foundation.framework */,
			);
			name = "External Frameworks and Libraries";
			sourceTree = "<group>";
		};
		1AB674ADFE9D54B511CA2CBB /* Products */ = {
			isa = PBXGroup;
			children = (
				8DD76FA10486AA7600D96B5E /* mtexport */,
				55F74F110C805DEB00101CB6 /* wc */,
			);
			name = Products;
			sourceTree = "<group>";
		};
		C6859EA2029092E104C91782 /* Documentation */ = {
			isa = PBXGroup;
			children = (
				C6859EA3029092ED04C91782 /* mtexport.1 */,
			);
			name = Documentation;
			sourceTree = "<group>";
		};
/* End PBXGroup section */

/* Begin PBXNativeTarget section */
		55F74F100C805DEB00101CB6 /* wc */ = {
			isa = PBXNativeTarget;
			buildConfigurationList = 55F74F170C805E3C00101CB6 /* Build configuration list for PBXNativeTarget "wc" */;
			buildPhases = (
				55F74F0E0C805DEB00101CB6 /* Sources */,
				55F74F0F0C805DEB00101CB6 /* Frameworks */,
			);
			buildRules = (
				55F74F150C805DF500101CB6 /* PBXBuildRule */,
			);
			dependencies = (
			);
			name = wc;
			productName = wc;
			productReference = 55F74F110C805DEB00101CB6 /* wc */;
			productType = "com.apple.product-type.tool";
		};
		8DD76F960486AA7600D96B5E /* mtexport */ = {
			isa = PBXNativeTarget;
			buildConfigurationList = 1DEB927408733DD40010E9CD /* Build configuration list for PBXNativeTarget "mtexport" */;
			buildPhases = (
				8DD76F990486AA7600D96B5E /* Sources */,
				8DD76F9B0486AA7600D96B5E /* Frameworks */,
				8DD76F9E0486AA7600D96B5E /* CopyFiles */,
			);
			buildRules = (
				55F749840C7F6FA700101CB6 /* PBXBuildRule */,
			);
			dependencies = (
			);
			name = mtexport;
			productInstallPath = "$(HOME)/bin";
			productName = mtexport;
			productReference = 8DD76FA10486AA7600D96B5E /* mtexport */;
			productType = "com.apple.product-type.tool";
		};
/* End PBXNativeTarget section */

/* Begin PBXProject section */
		08FB7793FE84155DC02AAC07 /* Project object */ = {
			isa = PBXProject;
			buildConfigurationList = 1DEB927808733DD40010E9CD /* Build configuration list for PBXProject "mtexport" */;
			hasScannedForEncodings = 1;
			mainGroup = 08FB7794FE84155DC02AAC07 /* mtexport */;
			projectDirPath = "";
			targets = (
				8DD76F960486AA7600D96B5E /* mtexport */,
				55F74F100C805DEB00101CB6 /* wc */,
			);
		};
/* End PBXProject section */

/* Begin PBXSourcesBuildPhase section */
		55F74F0E0C805DEB00101CB6 /* Sources */ = {
			isa = PBXSourcesBuildPhase;
			buildActionMask = 2147483647;
			files = (
				55F74F1A0C805E4D00101CB6 /* wc.m.rl in Sources */,
			);
			runOnlyForDeploymentPostprocessing = 0;
		};
		8DD76F990486AA7600D96B5E /* Sources */ = {
			isa = PBXSourcesBuildPhase;
			buildActionMask = 2147483647;
			files = (
				55F749AF0C7F709C00101CB6 /* mtexport.m.rl in Sources */,
				55F756310C84C5D900101CB6 /* RagelStateMachine.m in Sources */,
			);
			runOnlyForDeploymentPostprocessing = 0;
		};
/* End PBXSourcesBuildPhase section */

/* Begin XCBuildConfiguration section */
		1DEB927508733DD40010E9CD /* Debug */ = {
			isa = XCBuildConfiguration;
			buildSettings = {
				COPY_PHASE_STRIP = NO;
				GCC_DYNAMIC_NO_PIC = NO;
				GCC_ENABLE_FIX_AND_CONTINUE = YES;
				GCC_MODEL_TUNING = G5;
				GCC_OPTIMIZATION_LEVEL = 0;
				GCC_PRECOMPILE_PREFIX_HEADER = YES;
				GCC_PREFIX_HEADER = mtexport_Prefix.pch;
				INSTALL_PATH = "$(HOME)/bin";
				PRODUCT_NAME = mtexport;
				ZERO_LINK = YES;
			};
			name = Debug;
		};
		1DEB927608733DD40010E9CD /* Release */ = {
			isa = XCBuildConfiguration;
			buildSettings = {
				ARCHS = (
					ppc,
					i386,
				);
				GCC_GENERATE_DEBUGGING_SYMBOLS = NO;
				GCC_MODEL_TUNING = G5;
				GCC_PRECOMPILE_PREFIX_HEADER = YES;
				GCC_PREFIX_HEADER = mtexport_Prefix.pch;
				INSTALL_PATH = "$(HOME)/bin";
				PRODUCT_NAME = mtexport;
			};
			name = Release;
		};
		1DEB927908733DD40010E9CD /* Debug */ = {
			isa = XCBuildConfiguration;
			buildSettings = {
				GCC_WARN_ABOUT_RETURN_TYPE = YES;
				GCC_WARN_UNUSED_VARIABLE = YES;
				PREBINDING = NO;
				SDKROOT = /Developer/SDKs/MacOSX10.4u.sdk;
			};
			name = Debug;
		};
		1DEB927A08733DD40010E9CD /* Release */ = {
			isa = XCBuildConfiguration;
			buildSettings = {
				GCC_WARN_ABOUT_RETURN_TYPE = YES;
				GCC_WARN_UNUSED_VARIABLE = YES;
				PREBINDING = NO;
				SDKROOT = /Developer/SDKs/MacOSX10.4u.sdk;
			};
			name = Release;
		};
		55F74F180C805E3C00101CB6 /* Debug */ = {
			isa = XCBuildConfiguration;
			buildSettings = {
				COPY_PHASE_STRIP = NO;
				GCC_DYNAMIC_NO_PIC = NO;
				GCC_ENABLE_FIX_AND_CONTINUE = YES;
				GCC_GENERATE_DEBUGGING_SYMBOLS = YES;
				GCC_MODEL_TUNING = G5;
				GCC_OPTIMIZATION_LEVEL = 0;
				GCC_PRECOMPILE_PREFIX_HEADER = YES;
				GCC_PREFIX_HEADER = "$(SYSTEM_LIBRARY_DIR)/Frameworks/AppKit.framework/Headers/AppKit.h";
				INSTALL_PATH = "$(HOME)/bin";
				OTHER_LDFLAGS = (
					"-framework",
					Foundation,
					"-framework",
					AppKit,
				);
				PREBINDING = NO;
				PRODUCT_NAME = wc;
				ZERO_LINK = YES;
			};
			name = Debug;
		};
		55F74F190C805E3C00101CB6 /* Release */ = {
			isa = XCBuildConfiguration;
			buildSettings = {
				COPY_PHASE_STRIP = YES;
				GCC_ENABLE_FIX_AND_CONTINUE = NO;
				GCC_GENERATE_DEBUGGING_SYMBOLS = NO;
				GCC_MODEL_TUNING = G5;
				GCC_PRECOMPILE_PREFIX_HEADER = YES;
				GCC_PREFIX_HEADER = "$(SYSTEM_LIBRARY_DIR)/Frameworks/AppKit.framework/Headers/AppKit.h";
				INSTALL_PATH = "$(HOME)/bin";
				OTHER_LDFLAGS = (
					"-framework",
					Foundation,
					"-framework",
					AppKit,
				);
				PREBINDING = NO;
				PRODUCT_NAME = wc;
				ZERO_LINK = NO;
			};
			name = Release;
		};
/* End XCBuildConfiguration section */

/* Begin XCConfigurationList section */
		1DEB927408733DD40010E9CD /* Build configuration list for PBXNativeTarget "mtexport" */ = {
			isa = XCConfigurationList;
			buildConfigurations = (
				1DEB927508733DD40010E9CD /* Debug */,
				1DEB927608733DD40010E9CD /* Release */,
			);
			defaultConfigurationIsVisible = 0;
			defaultConfigurationName = Release;
		};
		1DEB927808733DD40010E9CD /* Build configuration list for PBXProject "mtexport" */ = {
			isa = XCConfigurationList;
			buildConfigurations = (
				1DEB927908733DD40010E9CD /* Debug */,
				1DEB927A08733DD40010E9CD /* Release */,
			);
			defaultConfigurationIsVisible = 0;
			defaultConfigurationName = Release;
		};
		55F74F170C805E3C00101CB6 /* Build configuration list for PBXNativeTarget "wc" */ = {
			isa = XCConfigurationList;
			buildConfigurations = (
				55F74F180C805E3C00101CB6 /* Debug */,
				55F74F190C805E3C00101CB6 /* Release */,
			);
			defaultConfigurationIsVisible = 0;
			defaultConfigurationName = Release;
		};
/* End XCConfigurationList section */
	};
	rootObject = 08FB7793FE84155DC02AAC07 /* Project object */;
}
